
Microsoft Visual Studio Solution File, Format Version 12.00
# Visual Studio Version 17
VisualStudioVersion = 17.9.34414.90
MinimumVisualStudioVersion = 10.0.40219.1
Project("{FAE04EC0-301F-11D3-BF4B-00C04F79EFBC}") = "libps3", "libps3\libps3.csproj", "{699189F1-4222-4AF9-82C8-BC38DC5EA249}"
EndProject
Project("{9A19103F-16F7-4668-BE54-9A1E7A4F7556}") = "BinaryMemory", "..\BinaryMemory\BinaryMemory\BinaryMemory.csproj", "{9B39BFFC-9D49-45A2-97FA-4D936181E8C4}"
EndProject
Global
	GlobalSection(SolutionConfigurationPlatforms) = preSolution
		Debug|Any CPU = Debug|Any CPU
		Release|Any CPU = Release|Any CPU
	EndGlobalSection
	GlobalSection(ProjectConfigurationPlatforms) = postSolution
		{699189F1-4222-4AF9-82C8-BC38DC5EA249}.Debug|Any CPU.ActiveCfg = Debug|Any CPU
		{699189F1-4222-4AF9-82C8-BC38DC5EA249}.Debug|Any CPU.Build.0 = Debug|Any CPU
		{699189F1-4222-4AF9-82C8-BC38DC5EA249}.Release|Any CPU.ActiveCfg = Release|Any CPU
		{699189F1-4222-4AF9-82C8-BC38DC5EA249}.Release|Any CPU.Build.0 = Release|Any CPU
		{9B39BFFC-9D49-45A2-97FA-4D936181E8C4}.Debug|Any CPU.ActiveCfg = Debug|Any CPU
		{9B39BFFC-9D49-45A2-97FA-4D936181E8C4}.Debug|Any CPU.Build.0 = Debug|Any CPU
		{9B39BFFC-9D49-45A2-97FA-4D936181E8C4}.Release|Any CPU.ActiveCfg = Release|Any CPU
		{9B39BFFC-9D49-45A2-97FA-4D936181E8C4}.Release|Any CPU.Build.0 = Release|Any CPU
	EndGlobalSection
	GlobalSection(SolutionProperties) = preSolution
		HideSolutionNode = FALSE
	EndGlobalSection
	GlobalSection(ExtensibilityGlobals) = postSolution
		SolutionGuid = {F0EC188A-46AD-4B2C-8CC5-74D55ECED127}
	EndGlobalSection
EndGlobal
